
Microsoft Visual Studio Solution File, Format Version 12.00
# Visual Studio Version 17
VisualStudioVersion = 17.11.35327.3
MinimumVisualStudioVersion = 10.0.40219.1
Project("{FAE04EC0-301F-11D3-BF4B-00C04F79EFBC}") = "IPOS", "IPOS.csproj", "{BE55CCA4-E38A-4EBD-AB18-A30ECE6E591D}"
EndProject
Global
	GlobalSection(SolutionConfigurationPlatforms) = preSolution
		Debug|Any CPU = Debug|Any CPU
		Release|Any CPU = Release|Any CPU
	EndGlobalSection
	GlobalSection(ProjectConfigurationPlatforms) = postSolution
		{BE55CCA4-E38A-4EBD-AB18-A30ECE6E591D}.Debug|Any CPU.ActiveCfg = Debug|Any CPU
		{BE55CCA4-E38A-4EBD-AB18-A30ECE6E591D}.Debug|Any CPU.Build.0 = Debug|Any CPU
		{BE55CCA4-E38A-4EBD-AB18-A30ECE6E591D}.Release|Any CPU.ActiveCfg = Release|Any CPU
		{BE55CCA4-E38A-4EBD-AB18-A30ECE6E591D}.Release|Any CPU.Build.0 = Release|Any CPU
	EndGlobalSection
	GlobalSection(SolutionProperties) = preSolution
		HideSolutionNode = FALSE
	EndGlobalSection
	GlobalSection(ExtensibilityGlobals) = postSolution
		SolutionGuid = {428BE747-DBE1-453F-ABD7-019ABEC6FCB4}
	EndGlobalSection
EndGlobal
